// !$*UTF8*$!
{
	archiveVersion = 1;
	classes = {
	};
	objectVersion = 46;
	objects = {

/* Begin PBXBuildFile section */
		BD217E251E0B496D00290020 /* main.swift in Sources */ = {isa = PBXBuildFile; fileRef = BD217E241E0B496D00290020 /* main.swift */; };
		BD217E2C1E0B4A2900290020 /* ConsoleIO.swift in Sources */ = {isa = PBXBuildFile; fileRef = BD217E2B1E0B4A2900290020 /* ConsoleIO.swift */; };
		BD217E2E1E0B4A8E00290020 /* App.swift in Sources */ = {isa = PBXBuildFile; fileRef = BD217E2D1E0B4A8E00290020 /* App.swift */; };
		BD217E301E0B597600290020 /* Singleton.swift in Sources */ = {isa = PBXBuildFile; fileRef = BD217E2F1E0B597600290020 /* Singleton.swift */; };
		BD217E321E0B5B1500290020 /* Polymorphism.swift in Sources */ = {isa = PBXBuildFile; fileRef = BD217E311E0B5B1500290020 /* Polymorphism.swift */; };
		BD217E341E0B5E6100290020 /* Closure.swift in Sources */ = {isa = PBXBuildFile; fileRef = BD217E331E0B5E6100290020 /* Closure.swift */; };
		BD217E361E0B627100290020 /* Map.swift in Sources */ = {isa = PBXBuildFile; fileRef = BD217E351E0B627100290020 /* Map.swift */; };
		BD217E381E0B6B2F00290020 /* Strings.swift in Sources */ = {isa = PBXBuildFile; fileRef = BD217E371E0B6B2F00290020 /* Strings.swift */; };
/* End PBXBuildFile section */

/* Begin PBXCopyFilesBuildPhase section */
		BD217E1F1E0B496D00290020 /* CopyFiles */ = {
			isa = PBXCopyFilesBuildPhase;
			buildActionMask = 2147483647;
			dstPath = /usr/share/man/man1/;
			dstSubfolderSpec = 0;
			files = (
			);
			runOnlyForDeploymentPostprocessing = 1;
		};
/* End PBXCopyFilesBuildPhase section */

/* Begin PBXFileReference section */
		BD217E211E0B496D00290020 /* CommandLineApp */ = {isa = PBXFileReference; explicitFileType = "compiled.mach-o.executable"; includeInIndex = 0; path = CommandLineApp; sourceTree = BUILT_PRODUCTS_DIR; };
		BD217E241E0B496D00290020 /* main.swift */ = {isa = PBXFileReference; lastKnownFileType = sourcecode.swift; path = main.swift; sourceTree = "<group>"; };
		BD217E2B1E0B4A2900290020 /* ConsoleIO.swift */ = {isa = PBXFileReference; fileEncoding = 4; lastKnownFileType = sourcecode.swift; path = ConsoleIO.swift; sourceTree = "<group>"; };
		BD217E2D1E0B4A8E00290020 /* App.swift */ = {isa = PBXFileReference; fileEncoding = 4; lastKnownFileType = sourcecode.swift; path = App.swift; sourceTree = "<group>"; };
		BD217E2F1E0B597600290020 /* Singleton.swift */ = {isa = PBXFileReference; fileEncoding = 4; lastKnownFileType = sourcecode.swift; path = Singleton.swift; sourceTree = "<group>"; };
		BD217E311E0B5B1500290020 /* Polymorphism.swift */ = {isa = PBXFileReference; fileEncoding = 4; lastKnownFileType = sourcecode.swift; path = Polymorphism.swift; sourceTree = "<group>"; };
		BD217E331E0B5E6100290020 /* Closure.swift */ = {isa = PBXFileReference; fileEncoding = 4; lastKnownFileType = sourcecode.swift; path = Closure.swift; sourceTree = "<group>"; };
		BD217E351E0B627100290020 /* Map.swift */ = {isa = PBXFileReference; fileEncoding = 4; lastKnownFileType = sourcecode.swift; path = Map.swift; sourceTree = "<group>"; };
		BD217E371E0B6B2F00290020 /* Strings.swift */ = {isa = PBXFileReference; fileEncoding = 4; lastKnownFileType = sourcecode.swift; path = Strings.swift; sourceTree = "<group>"; };
/* End PBXFileReference section */

/* Begin PBXFrameworksBuildPhase section */
		BD217E1E1E0B496D00290020 /* Frameworks */ = {
			isa = PBXFrameworksBuildPhase;
			buildActionMask = 2147483647;
			files = (
			);
			runOnlyForDeploymentPostprocessing = 0;
		};
/* End PBXFrameworksBuildPhase section */

/* Begin PBXGroup section */
		BD217E181E0B496D00290020 = {
			isa = PBXGroup;
			children = (
				BD217E231E0B496D00290020 /* CommandLineApp */,
				BD217E221E0B496D00290020 /* Products */,
			);
			sourceTree = "<group>";
		};
		BD217E221E0B496D00290020 /* Products */ = {
			isa = PBXGroup;
			children = (
				BD217E211E0B496D00290020 /* CommandLineApp */,
			);
			name = Products;
			sourceTree = "<group>";
		};
		BD217E231E0B496D00290020 /* CommandLineApp */ = {
			isa = PBXGroup;
			children = (
				BD217E241E0B496D00290020 /* main.swift */,
				BD217E2B1E0B4A2900290020 /* ConsoleIO.swift */,
				BD217E2D1E0B4A8E00290020 /* App.swift */,
				BD217E2F1E0B597600290020 /* Singleton.swift */,
				BD217E311E0B5B1500290020 /* Polymorphism.swift */,
				BD217E331E0B5E6100290020 /* Closure.swift */,
				BD217E371E0B6B2F00290020 /* Strings.swift */,
				BD217E351E0B627100290020 /* Map.swift */,
			);
			path = CommandLineApp;
			sourceTree = "<group>";
		};
/* End PBXGroup section */

/* Begin PBXNativeTarget section */
		BD217E201E0B496D00290020 /* CommandLineApp */ = {
			isa = PBXNativeTarget;
			buildConfigurationList = BD217E281E0B496D00290020 /* Build configuration list for PBXNativeTarget "CommandLineApp" */;
			buildPhases = (
				BD217E1D1E0B496D00290020 /* Sources */,
				BD217E1E1E0B496D00290020 /* Frameworks */,
				BD217E1F1E0B496D00290020 /* CopyFiles */,
			);
			buildRules = (
			);
			dependencies = (
			);
			name = CommandLineApp;
			productName = CommandLineApp;
			productReference = BD217E211E0B496D00290020 /* CommandLineApp */;
			productType = "com.apple.product-type.tool";
		};
/* End PBXNativeTarget section */

/* Begin PBXProject section */
		BD217E191E0B496D00290020 /* Project object */ = {
			isa = PBXProject;
			attributes = {
				LastSwiftUpdateCheck = 0820;
				LastUpgradeCheck = 0820;
				ORGANIZATIONNAME = "Thomas Patterson";
				TargetAttributes = {
					BD217E201E0B496D00290020 = {
						CreatedOnToolsVersion = 8.2.1;
						ProvisioningStyle = Automatic;
					};
				};
			};
			buildConfigurationList = BD217E1C1E0B496D00290020 /* Build configuration list for PBXProject "CommandLineApp" */;
			compatibilityVersion = "Xcode 3.2";
			developmentRegion = English;
			hasScannedForEncodings = 0;
			knownRegions = (
				en,
			);
			mainGroup = BD217E181E0B496D00290020;
			productRefGroup = BD217E221E0B496D00290020 /* Products */;
			projectDirPath = "";
			projectRoot = "";
			targets = (
				BD217E201E0B496D00290020 /* CommandLineApp */,
			);
		};
/* End PBXProject section */

/* Begin PBXSourcesBuildPhase section */
		BD217E1D1E0B496D00290020 /* Sources */ = {
			isa = PBXSourcesBuildPhase;
			buildActionMask = 2147483647;
			files = (
				BD217E2E1E0B4A8E00290020 /* App.swift in Sources */,
				BD217E301E0B597600290020 /* Singleton.swift in Sources */,
				BD217E381E0B6B2F00290020 /* Strings.swift in Sources */,
				BD217E321E0B5B1500290020 /* Polymorphism.swift in Sources */,
				BD217E361E0B627100290020 /* Map.swift in Sources */,
				BD217E251E0B496D00290020 /* main.swift in Sources */,
				BD217E2C1E0B4A2900290020 /* ConsoleIO.swift in Sources */,
				BD217E341E0B5E6100290020 /* Closure.swift in Sources */,
			);
			runOnlyForDeploymentPostprocessing = 0;
		};
/* End PBXSourcesBuildPhase section */

/* Begin XCBuildConfiguration section */
		BD217E261E0B496D00290020 /* Debug */ = {
			isa = XCBuildConfiguration;
			buildSettings = {
				ALWAYS_SEARCH_USER_PATHS = NO;
				CLANG_ANALYZER_NONNULL = YES;
				CLANG_CXX_LANGUAGE_STANDARD = "gnu++0x";
				CLANG_CXX_LIBRARY = "libc++";
				CLANG_ENABLE_MODULES = YES;
				CLANG_ENABLE_OBJC_ARC = YES;
				CLANG_WARN_BOOL_CONVERSION = YES;
				CLANG_WARN_CONSTANT_CONVERSION = YES;
				CLANG_WARN_DIRECT_OBJC_ISA_USAGE = YES_ERROR;
				CLANG_WARN_DOCUMENTATION_COMMENTS = YES;
				CLANG_WARN_EMPTY_BODY = YES;
				CLANG_WARN_ENUM_CONVERSION = YES;
				CLANG_WARN_INFINITE_RECURSION = YES;
				CLANG_WARN_INT_CONVERSION = YES;
				CLANG_WARN_OBJC_ROOT_CLASS = YES_ERROR;
				CLANG_WARN_SUSPICIOUS_MOVE = YES;
				CLANG_WARN_UNREACHABLE_CODE = YES;
				CLANG_WARN__DUPLICATE_METHOD_MATCH = YES;
				CODE_SIGN_IDENTITY = "-";
				COPY_PHASE_STRIP = NO;
				DEBUG_INFORMATION_FORMAT = dwarf;
				ENABLE_STRICT_OBJC_MSGSEND = YES;
				ENABLE_TESTABILITY = YES;
				GCC_C_LANGUAGE_STANDARD = gnu99;
				GCC_DYNAMIC_NO_PIC = NO;
				GCC_NO_COMMON_BLOCKS = YES;
				GCC_OPTIMIZATION_LEVEL = 0;
				GCC_PREPROCESSOR_DEFINITIONS = (
					"DEBUG=1",
					"$(inherited)",
				);
				GCC_WARN_64_TO_32_BIT_CONVERSION = YES;
				GCC_WARN_ABOUT_RETURN_TYPE = YES_ERROR;
				GCC_WARN_UNDECLARED_SELECTOR = YES;
				GCC_WARN_UNINITIALIZED_AUTOS = YES_AGGRESSIVE;
				GCC_WARN_UNUSED_FUNCTION = YES;
				GCC_WARN_UNUSED_VARIABLE = YES;
				MACOSX_DEPLOYMENT_TARGET = 10.12;
				MTL_ENABLE_DEBUG_INFO = YES;
				ONLY_ACTIVE_ARCH = YES;
				SDKROOT = macosx;
				SWIFT_OPTIMIZATION_LEVEL = "-Onone";
			};
			name = Debug;
		};
		BD217E271E0B496D00290020 /* Release */ = {
			isa = XCBuildConfiguration;
			buildSettings = {
				ALWAYS_SEARCH_USER_PATHS = NO;
				CLANG_ANALYZER_NONNULL = YES;
				CLANG_CXX_LANGUAGE_STANDARD = "gnu++0x";
				CLANG_CXX_LIBRARY = "libc++";
				CLANG_ENABLE_MODULES = YES;
				CLANG_ENABLE_OBJC_ARC = YES;
				CLANG_WARN_BOOL_CONVERSION = YES;
				CLANG_WARN_CONSTANT_CONVERSION = YES;
				CLANG_WARN_DIRECT_OBJC_ISA_USAGE = YES_ERROR;
				CLANG_WARN_DOCUMENTATION_COMMENTS = YES;
				CLANG_WARN_EMPTY_BODY = YES;
				CLANG_WARN_ENUM_CONVERSION = YES;
				CLANG_WARN_INFINITE_RECURSION = YES;
				CLANG_WARN_INT_CONVERSION = YES;
				CLANG_WARN_OBJC_ROOT_CLASS = YES_ERROR;
				CLANG_WARN_SUSPICIOUS_MOVE = YES;
				CLANG_WARN_UNREACHABLE_CODE = YES;
				CLANG_WARN__DUPLICATE_METHOD_MATCH = YES;
				CODE_SIGN_IDENTITY = "-";
				COPY_PHASE_STRIP = NO;
				DEBUG_INFORMATION_FORMAT = "dwarf-with-dsym";
				ENABLE_NS_ASSERTIONS = NO;
				ENABLE_STRICT_OBJC_MSGSEND = YES;
				GCC_C_LANGUAGE_STANDARD = gnu99;
				GCC_NO_COMMON_BLOCKS = YES;
				GCC_WARN_64_TO_32_BIT_CONVERSION = YES;
				GCC_WARN_ABOUT_RETURN_TYPE = YES_ERROR;
				GCC_WARN_UNDECLARED_SELECTOR = YES;
				GCC_WARN_UNINITIALIZED_AUTOS = YES_AGGRESSIVE;
				GCC_WARN_UNUSED_FUNCTION = YES;
				GCC_WARN_UNUSED_VARIABLE = YES;
				MACOSX_DEPLOYMENT_TARGET = 10.12;
				MTL_ENABLE_DEBUG_INFO = NO;
				SDKROOT = macosx;
			};
			name = Release;
		};
		BD217E291E0B496D00290020 /* Debug */ = {
			isa = XCBuildConfiguration;
			buildSettings = {
				PRODUCT_NAME = "$(TARGET_NAME)";
				SWIFT_VERSION = 3.0;
			};
			name = Debug;
		};
		BD217E2A1E0B496D00290020 /* Release */ = {
			isa = XCBuildConfiguration;
			buildSettings = {
				PRODUCT_NAME = "$(TARGET_NAME)";
				SWIFT_VERSION = 3.0;
			};
			name = Release;
		};
/* End XCBuildConfiguration section */

/* Begin XCConfigurationList section */
		BD217E1C1E0B496D00290020 /* Build configuration list for PBXProject "CommandLineApp" */ = {
			isa = XCConfigurationList;
			buildConfigurations = (
				BD217E261E0B496D00290020 /* Debug */,
				BD217E271E0B496D00290020 /* Release */,
			);
			defaultConfigurationIsVisible = 0;
			defaultConfigurationName = Release;
		};
		BD217E281E0B496D00290020 /* Build configuration list for PBXNativeTarget "CommandLineApp" */ = {
			isa = XCConfigurationList;
			buildConfigurations = (
				BD217E291E0B496D00290020 /* Debug */,
				BD217E2A1E0B496D00290020 /* Release */,
			);
			defaultConfigurationIsVisible = 0;
			defaultConfigurationName = Release;
		};
/* End XCConfigurationList section */
	};
	rootObject = BD217E191E0B496D00290020 /* Project object */;
}
